
Microsoft Visual Studio Solution File, Format Version 12.00
# Visual Studio 15
VisualStudioVersion = 15.0.27703.2018
MinimumVisualStudioVersion = 10.0.40219.1
Project("{9A19103F-16F7-4668-BE54-9A1E7A4F7556}") = "GitTrendingApi", "GitTrendingApi.csproj", "{41265F26-7AFA-4F4C-BEDA-4589E4BADF2D}"
EndProject
Global
	GlobalSection(SolutionConfigurationPlatforms) = preSolution
		Debug|Any CPU = Debug|Any CPU
		Release|Any CPU = Release|Any CPU
	EndGlobalSection
	GlobalSection(ProjectConfigurationPlatforms) = postSolution
		{41265F26-7AFA-4F4C-BEDA-4589E4BADF2D}.Debug|Any CPU.ActiveCfg = Debug|Any CPU
		{41265F26-7AFA-4F4C-BEDA-4589E4BADF2D}.Debug|Any CPU.Build.0 = Debug|Any CPU
		{41265F26-7AFA-4F4C-BEDA-4589E4BADF2D}.Release|Any CPU.ActiveCfg = Release|Any CPU
		{41265F26-7AFA-4F4C-BEDA-4589E4BADF2D}.Release|Any CPU.Build.0 = Release|Any CPU
	EndGlobalSection
	GlobalSection(SolutionProperties) = preSolution
		HideSolutionNode = FALSE
	EndGlobalSection
	GlobalSection(ExtensibilityGlobals) = postSolution
		SolutionGuid = {5DCC9C80-5C3C-4D3E-8B6D-71D4D8D02667}
	EndGlobalSection
EndGlobal
